
Microsoft Visual Studio Solution File, Format Version 12.00
# Visual Studio 15
Project("{FAE04EC0-301F-11D3-BF4B-00C04F79EFBC}") = "Contante.Android", "Contante.Android\Contante.Android.csproj", "{1036F69B-0EAC-4C88-902F-647DEA75230B}"
EndProject
Project("{FAE04EC0-301F-11D3-BF4B-00C04F79EFBC}") = "Contante.iOS", "Contante.iOS\Contante.iOS.csproj", "{9658998B-93E5-437C-995D-24C217696CF6}"
EndProject
Project("{FAE04EC0-301F-11D3-BF4B-00C04F79EFBC}") = "Contante", "Contante\Contante.csproj", "{4688F711-567B-40DF-83C1-F8D766EF8056}"
EndProject
Global
	GlobalSection(SolutionConfigurationPlatforms) = preSolution
		Debug|Any CPU = Debug|Any CPU
		Release|Any CPU = Release|Any CPU
		Debug|iPhoneSimulator = Debug|iPhoneSimulator
		Release|iPhoneSimulator = Release|iPhoneSimulator
		Debug|iPhone = Debug|iPhone
		Release|iPhone = Release|iPhone
		Ad-Hoc|iPhone = Ad-Hoc|iPhone
		AppStore|iPhone = AppStore|iPhone
	EndGlobalSection
	GlobalSection(ProjectConfigurationPlatforms) = postSolution
		{1036F69B-0EAC-4C88-902F-647DEA75230B}.Debug|Any CPU.ActiveCfg = Debug|Any CPU
		{1036F69B-0EAC-4C88-902F-647DEA75230B}.Debug|Any CPU.Build.0 = Debug|Any CPU
		{1036F69B-0EAC-4C88-902F-647DEA75230B}.Release|Any CPU.ActiveCfg = Release|Any CPU
		{1036F69B-0EAC-4C88-902F-647DEA75230B}.Release|Any CPU.Build.0 = Release|Any CPU
		{1036F69B-0EAC-4C88-902F-647DEA75230B}.Debug|iPhoneSimulator.ActiveCfg = Debug|Any CPU
		{1036F69B-0EAC-4C88-902F-647DEA75230B}.Debug|iPhoneSimulator.Build.0 = Debug|Any CPU
		{1036F69B-0EAC-4C88-902F-647DEA75230B}.Release|iPhoneSimulator.ActiveCfg = Release|Any CPU
		{1036F69B-0EAC-4C88-902F-647DEA75230B}.Release|iPhoneSimulator.Build.0 = Release|Any CPU
		{1036F69B-0EAC-4C88-902F-647DEA75230B}.Debug|iPhone.ActiveCfg = Debug|Any CPU
		{1036F69B-0EAC-4C88-902F-647DEA75230B}.Debug|iPhone.Build.0 = Debug|Any CPU
		{1036F69B-0EAC-4C88-902F-647DEA75230B}.Release|iPhone.ActiveCfg = Release|Any CPU
		{1036F69B-0EAC-4C88-902F-647DEA75230B}.Release|iPhone.Build.0 = Release|Any CPU
		{1036F69B-0EAC-4C88-902F-647DEA75230B}.Ad-Hoc|iPhone.ActiveCfg = Debug|Any CPU
		{1036F69B-0EAC-4C88-902F-647DEA75230B}.Ad-Hoc|iPhone.Build.0 = Debug|Any CPU
		{1036F69B-0EAC-4C88-902F-647DEA75230B}.AppStore|iPhone.ActiveCfg = Debug|Any CPU
		{1036F69B-0EAC-4C88-902F-647DEA75230B}.AppStore|iPhone.Build.0 = Debug|Any CPU
		{9658998B-93E5-437C-995D-24C217696CF6}.Debug|Any CPU.ActiveCfg = Debug|iPhoneSimulator
		{9658998B-93E5-437C-995D-24C217696CF6}.Debug|Any CPU.Build.0 = Debug|iPhoneSimulator
		{9658998B-93E5-437C-995D-24C217696CF6}.Release|Any CPU.ActiveCfg = Release|iPhoneSimulator
		{9658998B-93E5-437C-995D-24C217696CF6}.Release|Any CPU.Build.0 = Release|iPhoneSimulator
		{9658998B-93E5-437C-995D-24C217696CF6}.Debug|iPhoneSimulator.ActiveCfg = Debug|iPhoneSimulator
		{9658998B-93E5-437C-995D-24C217696CF6}.Debug|iPhoneSimulator.Build.0 = Debug|iPhoneSimulator
		{9658998B-93E5-437C-995D-24C217696CF6}.Release|iPhoneSimulator.ActiveCfg = Release|iPhoneSimulator
		{9658998B-93E5-437C-995D-24C217696CF6}.Release|iPhoneSimulator.Build.0 = Release|iPhoneSimulator
		{9658998B-93E5-437C-995D-24C217696CF6}.Debug|iPhone.ActiveCfg = Debug|iPhone
		{9658998B-93E5-437C-995D-24C217696CF6}.Debug|iPhone.Build.0 = Debug|iPhone
		{9658998B-93E5-437C-995D-24C217696CF6}.Release|iPhone.ActiveCfg = Release|iPhone
		{9658998B-93E5-437C-995D-24C217696CF6}.Release|iPhone.Build.0 = Release|iPhone
		{9658998B-93E5-437C-995D-24C217696CF6}.Ad-Hoc|iPhone.ActiveCfg = Ad-Hoc|iPhone
		{9658998B-93E5-437C-995D-24C217696CF6}.Ad-Hoc|iPhone.Build.0 = Ad-Hoc|iPhone
		{9658998B-93E5-437C-995D-24C217696CF6}.AppStore|iPhone.ActiveCfg = AppStore|iPhone
		{9658998B-93E5-437C-995D-24C217696CF6}.AppStore|iPhone.Build.0 = AppStore|iPhone
		{4688F711-567B-40DF-83C1-F8D766EF8056}.Debug|Any CPU.ActiveCfg = Debug|Any CPU
		{4688F711-567B-40DF-83C1-F8D766EF8056}.Debug|Any CPU.Build.0 = Debug|Any CPU
		{4688F711-567B-40DF-83C1-F8D766EF8056}.Release|Any CPU.ActiveCfg = Release|Any CPU
		{4688F711-567B-40DF-83C1-F8D766EF8056}.Release|Any CPU.Build.0 = Release|Any CPU
		{4688F711-567B-40DF-83C1-F8D766EF8056}.Debug|iPhoneSimulator.ActiveCfg = Debug|Any CPU
		{4688F711-567B-40DF-83C1-F8D766EF8056}.Debug|iPhoneSimulator.Build.0 = Debug|Any CPU
		{4688F711-567B-40DF-83C1-F8D766EF8056}.Release|iPhoneSimulator.ActiveCfg = Release|Any CPU
		{4688F711-567B-40DF-83C1-F8D766EF8056}.Release|iPhoneSimulator.Build.0 = Release|Any CPU
		{4688F711-567B-40DF-83C1-F8D766EF8056}.Debug|iPhone.ActiveCfg = Debug|Any CPU
		{4688F711-567B-40DF-83C1-F8D766EF8056}.Debug|iPhone.Build.0 = Debug|Any CPU
		{4688F711-567B-40DF-83C1-F8D766EF8056}.Release|iPhone.ActiveCfg = Release|Any CPU
		{4688F711-567B-40DF-83C1-F8D766EF8056}.Release|iPhone.Build.0 = Release|Any CPU
		{4688F711-567B-40DF-83C1-F8D766EF8056}.Ad-Hoc|iPhone.ActiveCfg = Debug|Any CPU
		{4688F711-567B-40DF-83C1-F8D766EF8056}.Ad-Hoc|iPhone.Build.0 = Debug|Any CPU
		{4688F711-567B-40DF-83C1-F8D766EF8056}.AppStore|iPhone.ActiveCfg = Debug|Any CPU
		{4688F711-567B-40DF-83C1-F8D766EF8056}.AppStore|iPhone.Build.0 = Debug|Any CPU
	EndGlobalSection
EndGlobal
